<?xml version="1.0" encoding="UTF-8"?>
<CONFIG>
  <ProjectOptions>
    <Version Value="11"/>
    <General>
      <MainUnit Value="0"/>
      <UseXPManifest Value="True"/>
    </General>
    <VersionInfo>
      <Language Value=""/>
      <CharSet Value=""/>
    </VersionInfo>
    <BuildModes Count="1">
      <Item1 Name="default" Default="True"/>
    </BuildModes>
    <PublishOptions>
      <Version Value="2"/>
      <DestinationDirectory Value="/home/jean/publicar"/>
    </PublishOptions>
    <RunParams>
      <local>
        <LaunchingApplication PathPlusParams="/usr/X11R6/bin/xterm -T 'Lazarus Run Output' -e $(LazarusDir)/tools/runwait.sh $(TargetCmdLine)"/>
      </local>
      <FormatVersion Value="2"/>
      <Modes Count="1">
        <Mode0 Name="default">
          <local>
            <LaunchingApplication PathPlusParams="/usr/X11R6/bin/xterm -T 'Lazarus Run Output' -e $(LazarusDir)/tools/runwait.sh $(TargetCmdLine)"/>
          </local>
        </Mode0>
      </Modes>
    </RunParams>
    <RequiredPackages Count="9">
      <Item1>
        <PackageName Value="ACBrDiversos"/>
      </Item1>
      <Item2>
        <PackageName Value="SQLDBLaz"/>
        <MinVersion Major="1" Release="1" Valid="True"/>
      </Item2>
      <Item3>
        <PackageName Value="FCL"/>
        <MinVersion Major="1" Valid="True"/>
      </Item3>
      <Item4>
        <PackageName Value="rxnew"/>
        <MinVersion Major="2" Release="1" Build="103" Valid="True"/>
      </Item4>
      <Item5>
        <PackageName Value="lazreportpdfexport"/>
      </Item5>
      <Item6>
        <PackageName Value="dcl_rx_ctrl"/>
      </Item6>
      <Item7>
        <PackageName Value="lazreport"/>
      </Item7>
      <Item8>
        <PackageName Value="zcomponent"/>
      </Item8>
      <Item9>
        <PackageName Value="LCL"/>
      </Item9>
    </RequiredPackages>
    <Units Count="16">
      <Unit0>
        <Filename Value="freeestoque.lpr"/>
        <IsPartOfProject Value="True"/>
        <TopLine Value="20"/>
        <CursorPos X="71" Y="32"/>
        <UsageCount Value="189"/>
      </Unit0>
      <Unit1>
        <Filename Value="modelo_cad.pas"/>
        <IsPartOfProject Value="True"/>
        <ComponentName Value="Modelo_Cadastro"/>
        <HasResources Value="True"/>
        <ResourceBaseClass Value="Form"/>
        <UnitName Value="Modelo_Cad"/>
        <EditorIndex Value="3"/>
        <TopLine Value="105"/>
        <CursorPos X="11" Y="122"/>
        <UsageCount Value="189"/>
        <Loaded Value="True"/>
        <LoadedDesigner Value="True"/>
      </Unit1>
      <Unit2>
        <Filename Value="unitcad_clientes.pas"/>
        <IsPartOfProject Value="True"/>
        <ComponentName Value="Cad_Clientes"/>
        <HasResources Value="True"/>
        <ResourceBaseClass Value="Form"/>
        <EditorIndex Value="4"/>
        <TopLine Value="148"/>
        <CursorPos X="21" Y="164"/>
        <UsageCount Value="182"/>
        <Loaded Value="True"/>
        <LoadedDesigner Value="True"/>
      </Unit2>
      <Unit3>
        <Filename Value="unitdados.pas"/>
        <IsPartOfProject Value="True"/>
        <ComponentName Value="dm"/>
        <HasResources Value="True"/>
        <ResourceBaseClass Value="DataModule"/>
        <UnitName Value="UnitDados"/>
        <TopLine Value="118"/>
        <CursorPos X="82" Y="126"/>
        <UsageCount Value="189"/>
        <Loaded Value="True"/>
        <LoadedDesigner Value="True"/>
      </Unit3>
      <Unit4>
        <Filename Value="unitprincipal.pas"/>
        <IsPartOfProject Value="True"/>
        <ComponentName Value="FormPrincipal"/>
        <HasResources Value="True"/>
        <ResourceBaseClass Value="Form"/>
        <UnitName Value="UnitPrincipal"/>
        <EditorIndex Value="6"/>
        <TopLine Value="162"/>
        <CursorPos X="33" Y="164"/>
        <UsageCount Value="189"/>
        <Loaded Value="True"/>
        <LoadedDesigner Value="True"/>
      </Unit4>
      <Unit5>
        <Filename Value="unit_modelo_form_rel.pas"/>
        <IsPartOfProject Value="True"/>
        <ComponentName Value="Modelo_Form_Rel"/>
        <HasResources Value="True"/>
        <ResourceBaseClass Value="Form"/>
        <UnitName Value="Unit_Modelo_Form_Rel"/>
        <TopLine Value="41"/>
        <CursorPos X="91" Y="62"/>
        <UsageCount Value="189"/>
      </Unit5>
      <Unit6>
        <Filename Value="unit_rotinas.pas"/>
        <IsPartOfProject Value="True"/>
        <UnitName Value="Unit_rotinas"/>
        <EditorIndex Value="2"/>
        <TopLine Value="23"/>
        <CursorPos X="43" Y="40"/>
        <UsageCount Value="189"/>
        <Loaded Value="True"/>
      </Unit6>
      <Unit7>
        <Filename Value="unit_empresa.pas"/>
        <IsPartOfProject Value="True"/>
        <ComponentName Value="Form_Empresa"/>
        <ResourceBaseClass Value="Form"/>
        <UnitName Value="Unit_Empresa"/>
        <TopLine Value="118"/>
        <CursorPos X="31" Y="146"/>
        <UsageCount Value="182"/>
      </Unit7>
      <Unit8>
        <Filename Value="unitcad_fornecedores.pas"/>
        <IsPartOfProject Value="True"/>
        <ComponentName Value="Cad_Fornecedores"/>
        <HasResources Value="True"/>
        <ResourceBaseClass Value="Form"/>
        <EditorIndex Value="5"/>
        <TopLine Value="24"/>
        <CursorPos X="22" Y="41"/>
        <UsageCount Value="143"/>
        <Loaded Value="True"/>
        <LoadedDesigner Value="True"/>
      </Unit8>
      <Unit9>
        <Filename Value="unit_config.pas"/>
        <IsPartOfProject Value="True"/>
        <ComponentName Value="Form_Config"/>
        <ResourceBaseClass Value="Form"/>
        <UnitName Value="Unit_Config"/>
        <TopLine Value="71"/>
        <CursorPos X="117" Y="93"/>
        <UsageCount Value="123"/>
      </Unit9>
      <Unit10>
        <Filename Value="unit_cad_mod_simples.pas"/>
        <IsPartOfProject Value="True"/>
        <ComponentName Value="Form_Cad_Mod_Simples"/>
        <ResourceBaseClass Value="Form"/>
        <UnitName Value="Unit_Cad_Mod_Simples"/>
        <TopLine Value="14"/>
        <CursorPos X="32" Y="17"/>
        <UsageCount Value="111"/>
      </Unit10>
      <Unit11>
        <Filename Value="unit_cad_grupos.pas"/>
        <IsPartOfProject Value="True"/>
        <ComponentName Value="Cad_Grupos"/>
        <ResourceBaseClass Value="Form"/>
        <UnitName Value="Unit_Cad_Grupos"/>
        <TopLine Value="10"/>
        <CursorPos X="19" Y="33"/>
        <UsageCount Value="110"/>
      </Unit11>
      <Unit12>
        <Filename Value="unit_cad_marcas.pas"/>
        <IsPartOfProject Value="True"/>
        <ComponentName Value="Cad_Marcas"/>
        <ResourceBaseClass Value="Form"/>
        <UnitName Value="Unit_Cad_Marcas"/>
        <TopLine Value="23"/>
        <CursorPos X="26" Y="42"/>
        <UsageCount Value="109"/>
      </Unit12>
      <Unit13>
        <Filename Value="unit_cad_modelos.pas"/>
        <IsPartOfProject Value="True"/>
        <ComponentName Value="Cad_Modelos"/>
        <ResourceBaseClass Value="Form"/>
        <UnitName Value="Unit_Cad_Modelos"/>
        <TopLine Value="24"/>
        <CursorPos X="27" Y="43"/>
        <UsageCount Value="109"/>
      </Unit13>
      <Unit14>
        <Filename Value="unit_cad_unidades.pas"/>
        <IsPartOfProject Value="True"/>
        <ComponentName Value="Form_Cad_Unidades"/>
        <ResourceBaseClass Value="Form"/>
        <UnitName Value="Unit_Cad_Unidades"/>
        <TopLine Value="6"/>
        <CursorPos X="21" Y="12"/>
        <UsageCount Value="108"/>
      </Unit14>
      <Unit15>
        <Filename Value="unit_cad_produtos.pas"/>
        <IsPartOfProject Value="True"/>
        <ComponentName Value="Cad_Produtos"/>
        <HasResources Value="True"/>
        <ResourceBaseClass Value="Form"/>
        <UnitName Value="Unit_Cad_Produtos"/>
        <IsVisibleTab Value="True"/>
        <EditorIndex Value="1"/>
        <TopLine Value="93"/>
        <CursorPos X="18" Y="110"/>
        <UsageCount Value="105"/>
        <Loaded Value="True"/>
        <LoadedDesigner Value="True"/>
      </Unit15>
    </Units>
    <JumpHistory Count="30" HistoryIndex="29">
      <Position1>
        <Filename Value="unitcad_fornecedores.pas"/>
        <Caret Line="421" Column="3" TopLine="399"/>
      </Position1>
      <Position2>
        <Filename Value="unitcad_fornecedores.pas"/>
        <Caret Line="422" Column="3" TopLine="400"/>
      </Position2>
      <Position3>
        <Filename Value="unitcad_fornecedores.pas"/>
        <Caret Line="421" Column="3" TopLine="399"/>
      </Position3>
      <Position4>
        <Filename Value="unitcad_clientes.pas"/>
        <Caret Line="163" TopLine="163"/>
      </Position4>
      <Position5>
        <Filename Value="unitcad_clientes.pas"/>
        <Caret Line="164" TopLine="164"/>
      </Position5>
      <Position6>
        <Filename Value="unitcad_clientes.pas"/>
        <Caret Line="163" TopLine="163"/>
      </Position6>
      <Position7>
        <Filename Value="unit_cad_produtos.pas"/>
        <Caret Line="339" TopLine="306"/>
      </Position7>
      <Position8>
        <Filename Value="unit_cad_produtos.pas"/>
        <Caret Line="340" TopLine="307"/>
      </Position8>
      <Position9>
        <Filename Value="unit_cad_produtos.pas"/>
        <Caret Line="339" TopLine="306"/>
      </Position9>
      <Position10>
        <Filename Value="unitdados.pas"/>
        <Caret Line="126" Column="82" TopLine="118"/>
      </Position10>
      <Position11>
        <Filename Value="unitcad_fornecedores.pas"/>
        <Caret Line="421" Column="3" TopLine="399"/>
      </Position11>
      <Position12>
        <Filename Value="unitcad_fornecedores.pas"/>
        <Caret Line="422" Column="3" TopLine="400"/>
      </Position12>
      <Position13>
        <Filename Value="unitcad_fornecedores.pas"/>
        <Caret Line="421" Column="3" TopLine="399"/>
      </Position13>
      <Position14>
        <Filename Value="unitcad_clientes.pas"/>
        <Caret Line="163" TopLine="163"/>
      </Position14>
      <Position15>
        <Filename Value="unitcad_clientes.pas"/>
        <Caret Line="164" TopLine="164"/>
      </Position15>
      <Position16>
        <Filename Value="unitcad_clientes.pas"/>
        <Caret Line="163" TopLine="163"/>
      </Position16>
      <Position17>
        <Filename Value="unit_cad_produtos.pas"/>
        <Caret Line="339" TopLine="306"/>
      </Position17>
      <Position18>
        <Filename Value="unit_cad_produtos.pas"/>
        <Caret Line="340" TopLine="307"/>
      </Position18>
      <Position19>
        <Filename Value="unit_cad_produtos.pas"/>
        <Caret Line="339" TopLine="306"/>
      </Position19>
      <Position20>
        <Filename Value="unitprincipal.pas"/>
        <Caret Line="210" Column="33" TopLine="210"/>
      </Position20>
      <Position21>
        <Filename Value="unitprincipal.pas"/>
        <Caret Line="164" Column="33" TopLine="162"/>
      </Position21>
      <Position22>
        <Filename Value="unit_rotinas.pas"/>
        <Caret Line="40" Column="43" TopLine="23"/>
      </Position22>
      <Position23>
        <Filename Value="modelo_cad.pas"/>
        <Caret Line="122" Column="11" TopLine="105"/>
      </Position23>
      <Position24>
        <Filename Value="unitcad_clientes.pas"/>
        <Caret Line="40" Column="50" TopLine="23"/>
      </Position24>
      <Position25>
        <Filename Value="unitcad_clientes.pas"/>
        <Caret Line="41" Column="46" TopLine="24"/>
      </Position25>
      <Position26>
        <Filename Value="unitcad_clientes.pas"/>
        <Caret Line="164" Column="21" TopLine="148"/>
      </Position26>
      <Position27>
        <Filename Value="unitcad_fornecedores.pas"/>
        <Caret Line="40" Column="35" TopLine="23"/>
      </Position27>
      <Position28>
        <Filename Value="unitcad_fornecedores.pas"/>
        <Caret Line="41" Column="22" TopLine="24"/>
      </Position28>
      <Position29>
        <Filename Value="unit_cad_produtos.pas"/>
        <Caret Line="10" Column="47"/>
      </Position29>
      <Position30>
        <Filename Value="unit_cad_produtos.pas"/>
        <Caret Line="12" Column="54"/>
      </Position30>
    </JumpHistory>
  </ProjectOptions>
  <CompilerOptions>
    <Version Value="11"/>
    <SearchPaths>
      <IncludeFiles Value="$(ProjOutDir)"/>
    </SearchPaths>
    <Parsing>
      <SyntaxOptions>
        <UseAnsiStrings Value="False"/>
      </SyntaxOptions>
    </Parsing>
    <Linking>
      <Debugging>
        <GenerateDebugInfo Value="False"/>
        <UseLineInfoUnit Value="False"/>
      </Debugging>
      <Options>
        <Win32>
          <GraphicApplication Value="True"/>
        </Win32>
      </Options>
    </Linking>
  </CompilerOptions>
</CONFIG>
